
Microsoft Visual Studio Solution File, Format Version 12.00
# Visual Studio Version 16
VisualStudioVersion = 16.0.31105.61
MinimumVisualStudioVersion = 10.0.40219.1
Project("{9A19103F-16F7-4668-BE54-9A1E7A4F7556}") = "thgs.site", "thgs.site\thgs.site.csproj", "{9BDD1196-3E79-4843-A83D-873B9593E0D2}"
EndProject
Project("{9A19103F-16F7-4668-BE54-9A1E7A4F7556}") = "thgs.database", "thgs.database\thgs.database.csproj", "{031011EB-7B76-4B69-95A7-B3382C267E99}"
EndProject
Project("{9A19103F-16F7-4668-BE54-9A1E7A4F7556}") = "thgs.database.generation", "thgs.database.generation\thgs.database.generation.csproj", "{20CDCBF4-6203-4E91-A763-15ED06F33D8D}"
EndProject
Global
	GlobalSection(SolutionConfigurationPlatforms) = preSolution
		Debug|Any CPU = Debug|Any CPU
		Release|Any CPU = Release|Any CPU
	EndGlobalSection
	GlobalSection(ProjectConfigurationPlatforms) = postSolution
		{9BDD1196-3E79-4843-A83D-873B9593E0D2}.Debug|Any CPU.ActiveCfg = Debug|Any CPU
		{9BDD1196-3E79-4843-A83D-873B9593E0D2}.Debug|Any CPU.Build.0 = Debug|Any CPU
		{9BDD1196-3E79-4843-A83D-873B9593E0D2}.Release|Any CPU.ActiveCfg = Release|Any CPU
		{9BDD1196-3E79-4843-A83D-873B9593E0D2}.Release|Any CPU.Build.0 = Release|Any CPU
		{031011EB-7B76-4B69-95A7-B3382C267E99}.Debug|Any CPU.ActiveCfg = Debug|Any CPU
		{031011EB-7B76-4B69-95A7-B3382C267E99}.Debug|Any CPU.Build.0 = Debug|Any CPU
		{031011EB-7B76-4B69-95A7-B3382C267E99}.Release|Any CPU.ActiveCfg = Release|Any CPU
		{031011EB-7B76-4B69-95A7-B3382C267E99}.Release|Any CPU.Build.0 = Release|Any CPU
		{20CDCBF4-6203-4E91-A763-15ED06F33D8D}.Debug|Any CPU.ActiveCfg = Debug|Any CPU
		{20CDCBF4-6203-4E91-A763-15ED06F33D8D}.Debug|Any CPU.Build.0 = Debug|Any CPU
		{20CDCBF4-6203-4E91-A763-15ED06F33D8D}.Release|Any CPU.ActiveCfg = Release|Any CPU
		{20CDCBF4-6203-4E91-A763-15ED06F33D8D}.Release|Any CPU.Build.0 = Release|Any CPU
	EndGlobalSection
	GlobalSection(SolutionProperties) = preSolution
		HideSolutionNode = FALSE
	EndGlobalSection
	GlobalSection(ExtensibilityGlobals) = postSolution
		SolutionGuid = {7F863FCE-8849-484A-A736-03A6F61977F4}
	EndGlobalSection
EndGlobal
